
Microsoft Visual Studio Solution File, Format Version 12.00
# Visual Studio Version 17
VisualStudioVersion = 17.3.32929.385
MinimumVisualStudioVersion = 10.0.40219.1
Project("{FAE04EC0-301F-11D3-BF4B-00C04F79EFBC}") = "WebFormsEstudo", "WebFormsEstudo.csproj", "{D6440A1C-0761-4CEE-9DA5-C5B9CDDCFB99}"
EndProject
Project("{FAE04EC0-301F-11D3-BF4B-00C04F79EFBC}") = "VideoBusinessLayer", "..\VideoBusinessLayer\VideoBusinessLayer.csproj", "{04AFAB38-F31A-453D-A45A-84A055409D83}"
EndProject
Global
	GlobalSection(SolutionConfigurationPlatforms) = preSolution
		Debug|Any CPU = Debug|Any CPU
		Release|Any CPU = Release|Any CPU
	EndGlobalSection
	GlobalSection(ProjectConfigurationPlatforms) = postSolution
		{D6440A1C-0761-4CEE-9DA5-C5B9CDDCFB99}.Debug|Any CPU.ActiveCfg = Debug|Any CPU
		{D6440A1C-0761-4CEE-9DA5-C5B9CDDCFB99}.Debug|Any CPU.Build.0 = Debug|Any CPU
		{D6440A1C-0761-4CEE-9DA5-C5B9CDDCFB99}.Release|Any CPU.ActiveCfg = Release|Any CPU
		{D6440A1C-0761-4CEE-9DA5-C5B9CDDCFB99}.Release|Any CPU.Build.0 = Release|Any CPU
		{04AFAB38-F31A-453D-A45A-84A055409D83}.Debug|Any CPU.ActiveCfg = Debug|Any CPU
		{04AFAB38-F31A-453D-A45A-84A055409D83}.Debug|Any CPU.Build.0 = Debug|Any CPU
		{04AFAB38-F31A-453D-A45A-84A055409D83}.Release|Any CPU.ActiveCfg = Release|Any CPU
		{04AFAB38-F31A-453D-A45A-84A055409D83}.Release|Any CPU.Build.0 = Release|Any CPU
	EndGlobalSection
	GlobalSection(SolutionProperties) = preSolution
		HideSolutionNode = FALSE
	EndGlobalSection
	GlobalSection(ExtensibilityGlobals) = postSolution
		SolutionGuid = {BD7F242E-22CA-4D5D-9B2B-6C3A74A2AF01}
	EndGlobalSection
EndGlobal
